// !$*UTF8*$!
{
	archiveVersion = 1;
	classes = {
	};
	objectVersion = 55;
	objects = {

/* Begin PBXBuildFile section */
		8FC171E77B98131EF8F22FC9 /* Pods_PortalAppTests.framework in Frameworks */ = {isa = PBXBuildFile; fileRef = 14E82B2182478EA3E152C514 /* Pods_PortalAppTests.framework */; };
		9B09D79F27A4E3100048BEF2 /* WebViewController.swift in Sources */ = {isa = PBXBuildFile; fileRef = 9B09D79E27A4E3100048BEF2 /* WebViewController.swift */; };
		9B215BA9279272F900F94C48 /* AController.swift in Sources */ = {isa = PBXBuildFile; fileRef = 9B215BA8279272F900F94C48 /* AController.swift */; };
		9B215BAB2792730300F94C48 /* BController.swift in Sources */ = {isa = PBXBuildFile; fileRef = 9B215BAA2792730300F94C48 /* BController.swift */; };
		9B2E85882764384D00F9330C /* AppDelegate.swift in Sources */ = {isa = PBXBuildFile; fileRef = 9B2E85872764384D00F9330C /* AppDelegate.swift */; };
		9B2E858A2764384D00F9330C /* SceneDelegate.swift in Sources */ = {isa = PBXBuildFile; fileRef = 9B2E85892764384D00F9330C /* SceneDelegate.swift */; };
		9B2E858F2764384D00F9330C /* Main.storyboard in Resources */ = {isa = PBXBuildFile; fileRef = 9B2E858D2764384D00F9330C /* Main.storyboard */; };
		9B2E85912764384D00F9330C /* Assets.xcassets in Resources */ = {isa = PBXBuildFile; fileRef = 9B2E85902764384D00F9330C /* Assets.xcassets */; };
		9B2E85942764384D00F9330C /* LaunchScreen.storyboard in Resources */ = {isa = PBXBuildFile; fileRef = 9B2E85922764384D00F9330C /* LaunchScreen.storyboard */; };
		9B2E859F2764384D00F9330C /* PortalAppTests.swift in Sources */ = {isa = PBXBuildFile; fileRef = 9B2E859E2764384D00F9330C /* PortalAppTests.swift */; };
		9B2E85A92764384D00F9330C /* PortalAppUITests.swift in Sources */ = {isa = PBXBuildFile; fileRef = 9B2E85A82764384D00F9330C /* PortalAppUITests.swift */; };
		9B2E85AB2764384D00F9330C /* PortalAppUITestsLaunchTests.swift in Sources */ = {isa = PBXBuildFile; fileRef = 9B2E85AA2764384D00F9330C /* PortalAppUITestsLaunchTests.swift */; };
		9B2E85B827643F2D00F9330C /* Extension_UIView.swift in Sources */ = {isa = PBXBuildFile; fileRef = 9B2E85B727643F2D00F9330C /* Extension_UIView.swift */; };
		9B4F6FA62776BD6300CB27DE /* HomeController.swift in Sources */ = {isa = PBXBuildFile; fileRef = 9B4F6FA52776BD6300CB27DE /* HomeController.swift */; };
		9B65AF9F27925A8900123B86 /* MyTableViewCell.xib in Resources */ = {isa = PBXBuildFile; fileRef = 9B65AF9E27925A8900123B86 /* MyTableViewCell.xib */; };
		9B65AFA127925CE500123B86 /* MyTableViewCell.swift in Sources */ = {isa = PBXBuildFile; fileRef = 9B65AFA027925CE500123B86 /* MyTableViewCell.swift */; };
		9B776B7A27CE463A00732BE1 /* LocationViewController.swift in Sources */ = {isa = PBXBuildFile; fileRef = 9B776B7927CE463A00732BE1 /* LocationViewController.swift */; };
		9B776B7C27CE46B700732BE1 /* LocationManager.swift in Sources */ = {isa = PBXBuildFile; fileRef = 9B776B7B27CE46B700732BE1 /* LocationManager.swift */; };
		9B776B7E27CE46C400732BE1 /* SearchViewController.swift in Sources */ = {isa = PBXBuildFile; fileRef = 9B776B7D27CE46C400732BE1 /* SearchViewController.swift */; };
		9BBB425127DC3058006C97E1 /* CollectionViewController.swift in Sources */ = {isa = PBXBuildFile; fileRef = 9BBB425027DC3058006C97E1 /* CollectionViewController.swift */; };
		9BBB425327DC30F7006C97E1 /* CollectionViewCell.swift in Sources */ = {isa = PBXBuildFile; fileRef = 9BBB425227DC30F7006C97E1 /* CollectionViewCell.swift */; };
		9BDD860B2776C5870009F12C /* SecondViewController.swift in Sources */ = {isa = PBXBuildFile; fileRef = 9BDD860A2776C5870009F12C /* SecondViewController.swift */; };
		CF3D3A5728C47C33AF163D2C /* Pods_PortalApp.framework in Frameworks */ = {isa = PBXBuildFile; fileRef = A26F040B0CE90584865760D2 /* Pods_PortalApp.framework */; };
		D2584F4745F44AC50A7BF730 /* Pods_PortalApp_PortalAppUITests.framework in Frameworks */ = {isa = PBXBuildFile; fileRef = C34D5899DBD1E84C1181088A /* Pods_PortalApp_PortalAppUITests.framework */; };
/* End PBXBuildFile section */

/* Begin PBXContainerItemProxy section */
		9B2E859B2764384D00F9330C /* PBXContainerItemProxy */ = {
			isa = PBXContainerItemProxy;
			containerPortal = 9B2E857C2764384D00F9330C /* Project object */;
			proxyType = 1;
			remoteGlobalIDString = 9B2E85832764384D00F9330C;
			remoteInfo = PortalApp;
		};
		9B2E85A52764384D00F9330C /* PBXContainerItemProxy */ = {
			isa = PBXContainerItemProxy;
			containerPortal = 9B2E857C2764384D00F9330C /* Project object */;
			proxyType = 1;
			remoteGlobalIDString = 9B2E85832764384D00F9330C;
			remoteInfo = PortalApp;
		};
/* End PBXContainerItemProxy section */

/* Begin PBXFileReference section */
		14E82B2182478EA3E152C514 /* Pods_PortalAppTests.framework */ = {isa = PBXFileReference; explicitFileType = wrapper.framework; includeInIndex = 0; path = Pods_PortalAppTests.framework; sourceTree = BUILT_PRODUCTS_DIR; };
		5A82041E8E6E585EC908258B /* Pods-PortalAppTests.release.xcconfig */ = {isa = PBXFileReference; includeInIndex = 1; lastKnownFileType = text.xcconfig; name = "Pods-PortalAppTests.release.xcconfig"; path = "Target Support Files/Pods-PortalAppTests/Pods-PortalAppTests.release.xcconfig"; sourceTree = "<group>"; };
		9B09D79E27A4E3100048BEF2 /* WebViewController.swift */ = {isa = PBXFileReference; lastKnownFileType = sourcecode.swift; path = WebViewController.swift; sourceTree = "<group>"; };
		9B215BA8279272F900F94C48 /* AController.swift */ = {isa = PBXFileReference; lastKnownFileType = sourcecode.swift; path = AController.swift; sourceTree = "<group>"; };
		9B215BAA2792730300F94C48 /* BController.swift */ = {isa = PBXFileReference; lastKnownFileType = sourcecode.swift; path = BController.swift; sourceTree = "<group>"; };
		9B2E85842764384D00F9330C /* PortalApp.app */ = {isa = PBXFileReference; explicitFileType = wrapper.application; includeInIndex = 0; path = PortalApp.app; sourceTree = BUILT_PRODUCTS_DIR; };
		9B2E85872764384D00F9330C /* AppDelegate.swift */ = {isa = PBXFileReference; lastKnownFileType = sourcecode.swift; path = AppDelegate.swift; sourceTree = "<group>"; };
		9B2E85892764384D00F9330C /* SceneDelegate.swift */ = {isa = PBXFileReference; lastKnownFileType = sourcecode.swift; path = SceneDelegate.swift; sourceTree = "<group>"; };
		9B2E858E2764384D00F9330C /* Base */ = {isa = PBXFileReference; lastKnownFileType = file.storyboard; name = Base; path = Base.lproj/Main.storyboard; sourceTree = "<group>"; };
		9B2E85902764384D00F9330C /* Assets.xcassets */ = {isa = PBXFileReference; lastKnownFileType = folder.assetcatalog; path = Assets.xcassets; sourceTree = "<group>"; };
		9B2E85932764384D00F9330C /* Base */ = {isa = PBXFileReference; lastKnownFileType = file.storyboard; name = Base; path = Base.lproj/LaunchScreen.storyboard; sourceTree = "<group>"; };
		9B2E85952764384D00F9330C /* Info.plist */ = {isa = PBXFileReference; lastKnownFileType = text.plist.xml; path = Info.plist; sourceTree = "<group>"; };
		9B2E859A2764384D00F9330C /* PortalAppTests.xctest */ = {isa = PBXFileReference; explicitFileType = wrapper.cfbundle; includeInIndex = 0; path = PortalAppTests.xctest; sourceTree = BUILT_PRODUCTS_DIR; };
		9B2E859E2764384D00F9330C /* PortalAppTests.swift */ = {isa = PBXFileReference; lastKnownFileType = sourcecode.swift; path = PortalAppTests.swift; sourceTree = "<group>"; };
		9B2E85A42764384D00F9330C /* PortalAppUITests.xctest */ = {isa = PBXFileReference; explicitFileType = wrapper.cfbundle; includeInIndex = 0; path = PortalAppUITests.xctest; sourceTree = BUILT_PRODUCTS_DIR; };
		9B2E85A82764384D00F9330C /* PortalAppUITests.swift */ = {isa = PBXFileReference; lastKnownFileType = sourcecode.swift; path = PortalAppUITests.swift; sourceTree = "<group>"; };
		9B2E85AA2764384D00F9330C /* PortalAppUITestsLaunchTests.swift */ = {isa = PBXFileReference; lastKnownFileType = sourcecode.swift; path = PortalAppUITestsLaunchTests.swift; sourceTree = "<group>"; };
		9B2E85B727643F2D00F9330C /* Extension_UIView.swift */ = {isa = PBXFileReference; lastKnownFileType = sourcecode.swift; path = Extension_UIView.swift; sourceTree = "<group>"; };
		9B4F6FA52776BD6300CB27DE /* HomeController.swift */ = {isa = PBXFileReference; lastKnownFileType = sourcecode.swift; path = HomeController.swift; sourceTree = "<group>"; };
		9B65AF9E27925A8900123B86 /* MyTableViewCell.xib */ = {isa = PBXFileReference; lastKnownFileType = file.xib; path = MyTableViewCell.xib; sourceTree = "<group>"; };
		9B65AFA027925CE500123B86 /* MyTableViewCell.swift */ = {isa = PBXFileReference; lastKnownFileType = sourcecode.swift; path = MyTableViewCell.swift; sourceTree = "<group>"; };
		9B776B7927CE463A00732BE1 /* LocationViewController.swift */ = {isa = PBXFileReference; lastKnownFileType = sourcecode.swift; path = LocationViewController.swift; sourceTree = "<group>"; };
		9B776B7B27CE46B700732BE1 /* LocationManager.swift */ = {isa = PBXFileReference; lastKnownFileType = sourcecode.swift; path = LocationManager.swift; sourceTree = "<group>"; };
		9B776B7D27CE46C400732BE1 /* SearchViewController.swift */ = {isa = PBXFileReference; lastKnownFileType = sourcecode.swift; path = SearchViewController.swift; sourceTree = "<group>"; };
		9BBB425027DC3058006C97E1 /* CollectionViewController.swift */ = {isa = PBXFileReference; lastKnownFileType = sourcecode.swift; path = CollectionViewController.swift; sourceTree = "<group>"; };
		9BBB425227DC30F7006C97E1 /* CollectionViewCell.swift */ = {isa = PBXFileReference; lastKnownFileType = sourcecode.swift; path = CollectionViewCell.swift; sourceTree = "<group>"; };
		9BDD860A2776C5870009F12C /* SecondViewController.swift */ = {isa = PBXFileReference; lastKnownFileType = sourcecode.swift; path = SecondViewController.swift; sourceTree = "<group>"; };
		9E5C44BCF42E0C74400BFA77 /* Pods-PortalApp-PortalAppUITests.debug.xcconfig */ = {isa = PBXFileReference; includeInIndex = 1; lastKnownFileType = text.xcconfig; name = "Pods-PortalApp-PortalAppUITests.debug.xcconfig"; path = "Target Support Files/Pods-PortalApp-PortalAppUITests/Pods-PortalApp-PortalAppUITests.debug.xcconfig"; sourceTree = "<group>"; };
		A26F040B0CE90584865760D2 /* Pods_PortalApp.framework */ = {isa = PBXFileReference; explicitFileType = wrapper.framework; includeInIndex = 0; path = Pods_PortalApp.framework; sourceTree = BUILT_PRODUCTS_DIR; };
		A33653CCDE04713DABA00108 /* Pods-PortalApp.debug.xcconfig */ = {isa = PBXFileReference; includeInIndex = 1; lastKnownFileType = text.xcconfig; name = "Pods-PortalApp.debug.xcconfig"; path = "Target Support Files/Pods-PortalApp/Pods-PortalApp.debug.xcconfig"; sourceTree = "<group>"; };
		B1369AD0EC035BD55E3F868E /* Pods-PortalApp-PortalAppUITests.release.xcconfig */ = {isa = PBXFileReference; includeInIndex = 1; lastKnownFileType = text.xcconfig; name = "Pods-PortalApp-PortalAppUITests.release.xcconfig"; path = "Target Support Files/Pods-PortalApp-PortalAppUITests/Pods-PortalApp-PortalAppUITests.release.xcconfig"; sourceTree = "<group>"; };
		BB4AA450BF500A1739A0A033 /* Pods-PortalAppTests.debug.xcconfig */ = {isa = PBXFileReference; includeInIndex = 1; lastKnownFileType = text.xcconfig; name = "Pods-PortalAppTests.debug.xcconfig"; path = "Target Support Files/Pods-PortalAppTests/Pods-PortalAppTests.debug.xcconfig"; sourceTree = "<group>"; };
		BC764489BF9E77FDDAF4D269 /* Pods-PortalApp.release.xcconfig */ = {isa = PBXFileReference; includeInIndex = 1; lastKnownFileType = text.xcconfig; name = "Pods-PortalApp.release.xcconfig"; path = "Target Support Files/Pods-PortalApp/Pods-PortalApp.release.xcconfig"; sourceTree = "<group>"; };
		C34D5899DBD1E84C1181088A /* Pods_PortalApp_PortalAppUITests.framework */ = {isa = PBXFileReference; explicitFileType = wrapper.framework; includeInIndex = 0; path = Pods_PortalApp_PortalAppUITests.framework; sourceTree = BUILT_PRODUCTS_DIR; };
/* End PBXFileReference section */

/* Begin PBXFrameworksBuildPhase section */
		9B2E85812764384D00F9330C /* Frameworks */ = {
			isa = PBXFrameworksBuildPhase;
			buildActionMask = 2147483647;
			files = (
				CF3D3A5728C47C33AF163D2C /* Pods_PortalApp.framework in Frameworks */,
			);
			runOnlyForDeploymentPostprocessing = 0;
		};
		9B2E85972764384D00F9330C /* Frameworks */ = {
			isa = PBXFrameworksBuildPhase;
			buildActionMask = 2147483647;
			files = (
				8FC171E77B98131EF8F22FC9 /* Pods_PortalAppTests.framework in Frameworks */,
			);
			runOnlyForDeploymentPostprocessing = 0;
		};
		9B2E85A12764384D00F9330C /* Frameworks */ = {
			isa = PBXFrameworksBuildPhase;
			buildActionMask = 2147483647;
			files = (
				D2584F4745F44AC50A7BF730 /* Pods_PortalApp_PortalAppUITests.framework in Frameworks */,
			);
			runOnlyForDeploymentPostprocessing = 0;
		};
/* End PBXFrameworksBuildPhase section */

/* Begin PBXGroup section */
		8966D7A75CEFEB1558BDAFA5 /* Pods */ = {
			isa = PBXGroup;
			children = (
				A33653CCDE04713DABA00108 /* Pods-PortalApp.debug.xcconfig */,
				BC764489BF9E77FDDAF4D269 /* Pods-PortalApp.release.xcconfig */,
				9E5C44BCF42E0C74400BFA77 /* Pods-PortalApp-PortalAppUITests.debug.xcconfig */,
				B1369AD0EC035BD55E3F868E /* Pods-PortalApp-PortalAppUITests.release.xcconfig */,
				BB4AA450BF500A1739A0A033 /* Pods-PortalAppTests.debug.xcconfig */,
				5A82041E8E6E585EC908258B /* Pods-PortalAppTests.release.xcconfig */,
			);
			path = Pods;
			sourceTree = "<group>";
		};
		9B2E857B2764384D00F9330C = {
			isa = PBXGroup;
			children = (
				9B2E85862764384D00F9330C /* PortalApp */,
				9B2E859D2764384D00F9330C /* PortalAppTests */,
				9B2E85A72764384D00F9330C /* PortalAppUITests */,
				9B2E85852764384D00F9330C /* Products */,
				8966D7A75CEFEB1558BDAFA5 /* Pods */,
				EAB61471C95F864EEB6A44AC /* Frameworks */,
			);
			sourceTree = "<group>";
		};
		9B2E85852764384D00F9330C /* Products */ = {
			isa = PBXGroup;
			children = (
				9B2E85842764384D00F9330C /* PortalApp.app */,
				9B2E859A2764384D00F9330C /* PortalAppTests.xctest */,
				9B2E85A42764384D00F9330C /* PortalAppUITests.xctest */,
			);
			name = Products;
			sourceTree = "<group>";
		};
		9B2E85862764384D00F9330C /* PortalApp */ = {
			isa = PBXGroup;
			children = (
				9B2E85872764384D00F9330C /* AppDelegate.swift */,
				9B2E85892764384D00F9330C /* SceneDelegate.swift */,
				9B2E858D2764384D00F9330C /* Main.storyboard */,
				9B2E85902764384D00F9330C /* Assets.xcassets */,
				9B2E85922764384D00F9330C /* LaunchScreen.storyboard */,
				9B2E85952764384D00F9330C /* Info.plist */,
				9B2E85B727643F2D00F9330C /* Extension_UIView.swift */,
				9B4F6FA52776BD6300CB27DE /* HomeController.swift */,
				9BDD860A2776C5870009F12C /* SecondViewController.swift */,
				9B65AF9E27925A8900123B86 /* MyTableViewCell.xib */,
				9B65AFA027925CE500123B86 /* MyTableViewCell.swift */,
				9B215BA8279272F900F94C48 /* AController.swift */,
				9B215BAA2792730300F94C48 /* BController.swift */,
				9B09D79E27A4E3100048BEF2 /* WebViewController.swift */,
				9B776B7927CE463A00732BE1 /* LocationViewController.swift */,
				9B776B7B27CE46B700732BE1 /* LocationManager.swift */,
				9B776B7D27CE46C400732BE1 /* SearchViewController.swift */,
				9BBB425027DC3058006C97E1 /* CollectionViewController.swift */,
				9BBB425227DC30F7006C97E1 /* CollectionViewCell.swift */,
			);
			path = PortalApp;
			sourceTree = "<group>";
		};
		9B2E859D2764384D00F9330C /* PortalAppTests */ = {
			isa = PBXGroup;
			children = (
				9B2E859E2764384D00F9330C /* PortalAppTests.swift */,
			);
			path = PortalAppTests;
			sourceTree = "<group>";
		};
		9B2E85A72764384D00F9330C /* PortalAppUITests */ = {
			isa = PBXGroup;
			children = (
				9B2E85A82764384D00F9330C /* PortalAppUITests.swift */,
				9B2E85AA2764384D00F9330C /* PortalAppUITestsLaunchTests.swift */,
			);
			path = PortalAppUITests;
			sourceTree = "<group>";
		};
		EAB61471C95F864EEB6A44AC /* Frameworks */ = {
			isa = PBXGroup;
			children = (
				A26F040B0CE90584865760D2 /* Pods_PortalApp.framework */,
				C34D5899DBD1E84C1181088A /* Pods_PortalApp_PortalAppUITests.framework */,
				14E82B2182478EA3E152C514 /* Pods_PortalAppTests.framework */,
			);
			name = Frameworks;
			sourceTree = "<group>";
		};
/* End PBXGroup section */

/* Begin PBXNativeTarget section */
		9B2E85832764384D00F9330C /* PortalApp */ = {
			isa = PBXNativeTarget;
			buildConfigurationList = 9B2E85AE2764384E00F9330C /* Build configuration list for PBXNativeTarget "PortalApp" */;
			buildPhases = (
				16D0F85A29AB2D3DA0C91478 /* [CP] Check Pods Manifest.lock */,
				9B2E85802764384D00F9330C /* Sources */,
				9B2E85812764384D00F9330C /* Frameworks */,
				9B2E85822764384D00F9330C /* Resources */,
				D482853AD65603059E0C93B4 /* [CP] Embed Pods Frameworks */,
			);
			buildRules = (
			);
			dependencies = (
			);
			name = PortalApp;
			productName = PortalApp;
			productReference = 9B2E85842764384D00F9330C /* PortalApp.app */;
			productType = "com.apple.product-type.application";
		};
		9B2E85992764384D00F9330C /* PortalAppTests */ = {
			isa = PBXNativeTarget;
			buildConfigurationList = 9B2E85B12764384E00F9330C /* Build configuration list for PBXNativeTarget "PortalAppTests" */;
			buildPhases = (
				603D7D40DD62899271035930 /* [CP] Check Pods Manifest.lock */,
				9B2E85962764384D00F9330C /* Sources */,
				9B2E85972764384D00F9330C /* Frameworks */,
				9B2E85982764384D00F9330C /* Resources */,
			);
			buildRules = (
			);
			dependencies = (
				9B2E859C2764384D00F9330C /* PBXTargetDependency */,
			);
			name = PortalAppTests;
			productName = PortalAppTests;
			productReference = 9B2E859A2764384D00F9330C /* PortalAppTests.xctest */;
			productType = "com.apple.product-type.bundle.unit-test";
		};
		9B2E85A32764384D00F9330C /* PortalAppUITests */ = {
			isa = PBXNativeTarget;
			buildConfigurationList = 9B2E85B42764384E00F9330C /* Build configuration list for PBXNativeTarget "PortalAppUITests" */;
			buildPhases = (
				A322E1171DECA1CE7B709AD7 /* [CP] Check Pods Manifest.lock */,
				9B2E85A02764384D00F9330C /* Sources */,
				9B2E85A12764384D00F9330C /* Frameworks */,
				9B2E85A22764384D00F9330C /* Resources */,
				7ED7929017E06CD1046A0952 /* [CP] Embed Pods Frameworks */,
			);
			buildRules = (
			);
			dependencies = (
				9B2E85A62764384D00F9330C /* PBXTargetDependency */,
			);
			name = PortalAppUITests;
			productName = PortalAppUITests;
			productReference = 9B2E85A42764384D00F9330C /* PortalAppUITests.xctest */;
			productType = "com.apple.product-type.bundle.ui-testing";
		};
/* End PBXNativeTarget section */

/* Begin PBXProject section */
		9B2E857C2764384D00F9330C /* Project object */ = {
			isa = PBXProject;
			attributes = {
				BuildIndependentTargetsInParallel = 1;
				LastSwiftUpdateCheck = 1310;
				LastUpgradeCheck = 1310;
				TargetAttributes = {
					9B2E85832764384D00F9330C = {
						CreatedOnToolsVersion = 13.1;
					};
					9B2E85992764384D00F9330C = {
						CreatedOnToolsVersion = 13.1;
						TestTargetID = 9B2E85832764384D00F9330C;
					};
					9B2E85A32764384D00F9330C = {
						CreatedOnToolsVersion = 13.1;
						TestTargetID = 9B2E85832764384D00F9330C;
					};
				};
			};
			buildConfigurationList = 9B2E857F2764384D00F9330C /* Build configuration list for PBXProject "PortalApp" */;
			compatibilityVersion = "Xcode 13.0";
			developmentRegion = en;
			hasScannedForEncodings = 0;
			knownRegions = (
				en,
				Base,
			);
			mainGroup = 9B2E857B2764384D00F9330C;
			productRefGroup = 9B2E85852764384D00F9330C /* Products */;
			projectDirPath = "";
			projectRoot = "";
			targets = (
				9B2E85832764384D00F9330C /* PortalApp */,
				9B2E85992764384D00F9330C /* PortalAppTests */,
				9B2E85A32764384D00F9330C /* PortalAppUITests */,
			);
		};
/* End PBXProject section */

/* Begin PBXResourcesBuildPhase section */
		9B2E85822764384D00F9330C /* Resources */ = {
			isa = PBXResourcesBuildPhase;
			buildActionMask = 2147483647;
			files = (
				9B2E85942764384D00F9330C /* LaunchScreen.storyboard in Resources */,
				9B65AF9F27925A8900123B86 /* MyTableViewCell.xib in Resources */,
				9B2E85912764384D00F9330C /* Assets.xcassets in Resources */,
				9B2E858F2764384D00F9330C /* Main.storyboard in Resources */,
			);
			runOnlyForDeploymentPostprocessing = 0;
		};
		9B2E85982764384D00F9330C /* Resources */ = {
			isa = PBXResourcesBuildPhase;
			buildActionMask = 2147483647;
			files = (
			);
			runOnlyForDeploymentPostprocessing = 0;
		};
		9B2E85A22764384D00F9330C /* Resources */ = {
			isa = PBXResourcesBuildPhase;
			buildActionMask = 2147483647;
			files = (
			);
			runOnlyForDeploymentPostprocessing = 0;
		};
/* End PBXResourcesBuildPhase section */

/* Begin PBXShellScriptBuildPhase section */
		16D0F85A29AB2D3DA0C91478 /* [CP] Check Pods Manifest.lock */ = {
			isa = PBXShellScriptBuildPhase;
			buildActionMask = 2147483647;
			files = (
			);
			inputFileListPaths = (
			);
			inputPaths = (
				"${PODS_PODFILE_DIR_PATH}/Podfile.lock",
				"${PODS_ROOT}/Manifest.lock",
			);
			name = "[CP] Check Pods Manifest.lock";
			outputFileListPaths = (
			);
			outputPaths = (
				"$(DERIVED_FILE_DIR)/Pods-PortalApp-checkManifestLockResult.txt",
			);
			runOnlyForDeploymentPostprocessing = 0;
			shellPath = /bin/sh;
			shellScript = "diff \"${PODS_PODFILE_DIR_PATH}/Podfile.lock\" \"${PODS_ROOT}/Manifest.lock\" > /dev/null\nif [ $? != 0 ] ; then\n    # print error to STDERR\n    echo \"error: The sandbox is not in sync with the Podfile.lock. Run 'pod install' or update your CocoaPods installation.\" >&2\n    exit 1\nfi\n# This output is used by Xcode 'outputs' to avoid re-running this script phase.\necho \"SUCCESS\" > \"${SCRIPT_OUTPUT_FILE_0}\"\n";
			showEnvVarsInLog = 0;
		};
		603D7D40DD62899271035930 /* [CP] Check Pods Manifest.lock */ = {
			isa = PBXShellScriptBuildPhase;
			buildActionMask = 2147483647;
			files = (
			);
			inputFileListPaths = (
			);
			inputPaths = (
				"${PODS_PODFILE_DIR_PATH}/Podfile.lock",
				"${PODS_ROOT}/Manifest.lock",
			);
			name = "[CP] Check Pods Manifest.lock";
			outputFileListPaths = (
			);
			outputPaths = (
				"$(DERIVED_FILE_DIR)/Pods-PortalAppTests-checkManifestLockResult.txt",
			);
			runOnlyForDeploymentPostprocessing = 0;
			shellPath = /bin/sh;
			shellScript = "diff \"${PODS_PODFILE_DIR_PATH}/Podfile.lock\" \"${PODS_ROOT}/Manifest.lock\" > /dev/null\nif [ $? != 0 ] ; then\n    # print error to STDERR\n    echo \"error: The sandbox is not in sync with the Podfile.lock. Run 'pod install' or update your CocoaPods installation.\" >&2\n    exit 1\nfi\n# This output is used by Xcode 'outputs' to avoid re-running this script phase.\necho \"SUCCESS\" > \"${SCRIPT_OUTPUT_FILE_0}\"\n";
			showEnvVarsInLog = 0;
		};
		7ED7929017E06CD1046A0952 /* [CP] Embed Pods Frameworks */ = {
			isa = PBXShellScriptBuildPhase;
			buildActionMask = 2147483647;
			files = (
			);
			inputFileListPaths = (
				"${PODS_ROOT}/Target Support Files/Pods-PortalApp-PortalAppUITests/Pods-PortalApp-PortalAppUITests-frameworks-${CONFIGURATION}-input-files.xcfilelist",
			);
			name = "[CP] Embed Pods Frameworks";
			outputFileListPaths = (
				"${PODS_ROOT}/Target Support Files/Pods-PortalApp-PortalAppUITests/Pods-PortalApp-PortalAppUITests-frameworks-${CONFIGURATION}-output-files.xcfilelist",
			);
			runOnlyForDeploymentPostprocessing = 0;
			shellPath = /bin/sh;
			shellScript = "\"${PODS_ROOT}/Target Support Files/Pods-PortalApp-PortalAppUITests/Pods-PortalApp-PortalAppUITests-frameworks.sh\"\n";
			showEnvVarsInLog = 0;
		};
		A322E1171DECA1CE7B709AD7 /* [CP] Check Pods Manifest.lock */ = {
			isa = PBXShellScriptBuildPhase;
			buildActionMask = 2147483647;
			files = (
			);
			inputFileListPaths = (
			);
			inputPaths = (
				"${PODS_PODFILE_DIR_PATH}/Podfile.lock",
				"${PODS_ROOT}/Manifest.lock",
			);
			name = "[CP] Check Pods Manifest.lock";
			outputFileListPaths = (
			);
			outputPaths = (
				"$(DERIVED_FILE_DIR)/Pods-PortalApp-PortalAppUITests-checkManifestLockResult.txt",
			);
			runOnlyForDeploymentPostprocessing = 0;
			shellPath = /bin/sh;
			shellScript = "diff \"${PODS_PODFILE_DIR_PATH}/Podfile.lock\" \"${PODS_ROOT}/Manifest.lock\" > /dev/null\nif [ $? != 0 ] ; then\n    # print error to STDERR\n    echo \"error: The sandbox is not in sync with the Podfile.lock. Run 'pod install' or update your CocoaPods installation.\" >&2\n    exit 1\nfi\n# This output is used by Xcode 'outputs' to avoid re-running this script phase.\necho \"SUCCESS\" > \"${SCRIPT_OUTPUT_FILE_0}\"\n";
			showEnvVarsInLog = 0;
		};
		D482853AD65603059E0C93B4 /* [CP] Embed Pods Frameworks */ = {
			isa = PBXShellScriptBuildPhase;
			buildActionMask = 2147483647;
			files = (
			);
			inputFileListPaths = (
				"${PODS_ROOT}/Target Support Files/Pods-PortalApp/Pods-PortalApp-frameworks-${CONFIGURATION}-input-files.xcfilelist",
			);
			name = "[CP] Embed Pods Frameworks";
			outputFileListPaths = (
				"${PODS_ROOT}/Target Support Files/Pods-PortalApp/Pods-PortalApp-frameworks-${CONFIGURATION}-output-files.xcfilelist",
			);
			runOnlyForDeploymentPostprocessing = 0;
			shellPath = /bin/sh;
			shellScript = "\"${PODS_ROOT}/Target Support Files/Pods-PortalApp/Pods-PortalApp-frameworks.sh\"\n";
			showEnvVarsInLog = 0;
		};
/* End PBXShellScriptBuildPhase section */

/* Begin PBXSourcesBuildPhase section */
		9B2E85802764384D00F9330C /* Sources */ = {
			isa = PBXSourcesBuildPhase;
			buildActionMask = 2147483647;
			files = (
				9BBB425127DC3058006C97E1 /* CollectionViewController.swift in Sources */,
				9B65AFA127925CE500123B86 /* MyTableViewCell.swift in Sources */,
				9B09D79F27A4E3100048BEF2 /* WebViewController.swift in Sources */,
				9B215BA9279272F900F94C48 /* AController.swift in Sources */,
				9B776B7C27CE46B700732BE1 /* LocationManager.swift in Sources */,
				9B4F6FA62776BD6300CB27DE /* HomeController.swift in Sources */,
				9B2E85882764384D00F9330C /* AppDelegate.swift in Sources */,
				9B776B7E27CE46C400732BE1 /* SearchViewController.swift in Sources */,
				9B776B7A27CE463A00732BE1 /* LocationViewController.swift in Sources */,
				9B215BAB2792730300F94C48 /* BController.swift in Sources */,
				9BBB425327DC30F7006C97E1 /* CollectionViewCell.swift in Sources */,
				9B2E85B827643F2D00F9330C /* Extension_UIView.swift in Sources */,
				9BDD860B2776C5870009F12C /* SecondViewController.swift in Sources */,
				9B2E858A2764384D00F9330C /* SceneDelegate.swift in Sources */,
			);
			runOnlyForDeploymentPostprocessing = 0;
		};
		9B2E85962764384D00F9330C /* Sources */ = {
			isa = PBXSourcesBuildPhase;
			buildActionMask = 2147483647;
			files = (
				9B2E859F2764384D00F9330C /* PortalAppTests.swift in Sources */,
			);
			runOnlyForDeploymentPostprocessing = 0;
		};
		9B2E85A02764384D00F9330C /* Sources */ = {
			isa = PBXSourcesBuildPhase;
			buildActionMask = 2147483647;
			files = (
				9B2E85AB2764384D00F9330C /* PortalAppUITestsLaunchTests.swift in Sources */,
				9B2E85A92764384D00F9330C /* PortalAppUITests.swift in Sources */,
			);
			runOnlyForDeploymentPostprocessing = 0;
		};
/* End PBXSourcesBuildPhase section */

/* Begin PBXTargetDependency section */
		9B2E859C2764384D00F9330C /* PBXTargetDependency */ = {
			isa = PBXTargetDependency;
			target = 9B2E85832764384D00F9330C /* PortalApp */;
			targetProxy = 9B2E859B2764384D00F9330C /* PBXContainerItemProxy */;
		};
		9B2E85A62764384D00F9330C /* PBXTargetDependency */ = {
			isa = PBXTargetDependency;
			target = 9B2E85832764384D00F9330C /* PortalApp */;
			targetProxy = 9B2E85A52764384D00F9330C /* PBXContainerItemProxy */;
		};
/* End PBXTargetDependency section */

/* Begin PBXVariantGroup section */
		9B2E858D2764384D00F9330C /* Main.storyboard */ = {
			isa = PBXVariantGroup;
			children = (
				9B2E858E2764384D00F9330C /* Base */,
			);
			name = Main.storyboard;
			sourceTree = "<group>";
		};
		9B2E85922764384D00F9330C /* LaunchScreen.storyboard */ = {
			isa = PBXVariantGroup;
			children = (
				9B2E85932764384D00F9330C /* Base */,
			);
			name = LaunchScreen.storyboard;
			sourceTree = "<group>";
		};
/* End PBXVariantGroup section */

/* Begin XCBuildConfiguration section */
		9B2E85AC2764384E00F9330C /* Debug */ = {
			isa = XCBuildConfiguration;
			buildSettings = {
				ALWAYS_SEARCH_USER_PATHS = NO;
				CLANG_ANALYZER_NONNULL = YES;
				CLANG_ANALYZER_NUMBER_OBJECT_CONVERSION = YES_AGGRESSIVE;
				CLANG_CXX_LANGUAGE_STANDARD = "gnu++17";
				CLANG_CXX_LIBRARY = "libc++";
				CLANG_ENABLE_MODULES = YES;
				CLANG_ENABLE_OBJC_ARC = YES;
				CLANG_ENABLE_OBJC_WEAK = YES;
				CLANG_WARN_BLOCK_CAPTURE_AUTORELEASING = YES;
				CLANG_WARN_BOOL_CONVERSION = YES;
				CLANG_WARN_COMMA = YES;
				CLANG_WARN_CONSTANT_CONVERSION = YES;
				CLANG_WARN_DEPRECATED_OBJC_IMPLEMENTATIONS = YES;
				CLANG_WARN_DIRECT_OBJC_ISA_USAGE = YES_ERROR;
				CLANG_WARN_DOCUMENTATION_COMMENTS = YES;
				CLANG_WARN_EMPTY_BODY = YES;
				CLANG_WARN_ENUM_CONVERSION = YES;
				CLANG_WARN_INFINITE_RECURSION = YES;
				CLANG_WARN_INT_CONVERSION = YES;
				CLANG_WARN_NON_LITERAL_NULL_CONVERSION = YES;
				CLANG_WARN_OBJC_IMPLICIT_RETAIN_SELF = YES;
				CLANG_WARN_OBJC_LITERAL_CONVERSION = YES;
				CLANG_WARN_OBJC_ROOT_CLASS = YES_ERROR;
				CLANG_WARN_QUOTED_INCLUDE_IN_FRAMEWORK_HEADER = YES;
				CLANG_WARN_RANGE_LOOP_ANALYSIS = YES;
				CLANG_WARN_STRICT_PROTOTYPES = YES;
				CLANG_WARN_SUSPICIOUS_MOVE = YES;
				CLANG_WARN_UNGUARDED_AVAILABILITY = YES_AGGRESSIVE;
				CLANG_WARN_UNREACHABLE_CODE = YES;
				CLANG_WARN__DUPLICATE_METHOD_MATCH = YES;
				COPY_PHASE_STRIP = NO;
				DEBUG_INFORMATION_FORMAT = dwarf;
				ENABLE_STRICT_OBJC_MSGSEND = YES;
				ENABLE_TESTABILITY = YES;
				GCC_C_LANGUAGE_STANDARD = gnu11;
				GCC_DYNAMIC_NO_PIC = NO;
				GCC_NO_COMMON_BLOCKS = YES;
				GCC_OPTIMIZATION_LEVEL = 0;
				GCC_PREPROCESSOR_DEFINITIONS = (
					"DEBUG=1",
					"$(inherited)",
				);
				GCC_WARN_64_TO_32_BIT_CONVERSION = YES;
				GCC_WARN_ABOUT_RETURN_TYPE = YES_ERROR;
				GCC_WARN_UNDECLARED_SELECTOR = YES;
				GCC_WARN_UNINITIALIZED_AUTOS = YES_AGGRESSIVE;
				GCC_WARN_UNUSED_FUNCTION = YES;
				GCC_WARN_UNUSED_VARIABLE = YES;
				IPHONEOS_DEPLOYMENT_TARGET = 15.0;
				MTL_ENABLE_DEBUG_INFO = INCLUDE_SOURCE;
				MTL_FAST_MATH = YES;
				ONLY_ACTIVE_ARCH = YES;
				SDKROOT = iphoneos;
				SWIFT_ACTIVE_COMPILATION_CONDITIONS = DEBUG;
				SWIFT_OPTIMIZATION_LEVEL = "-Onone";
			};
			name = Debug;
		};
		9B2E85AD2764384E00F9330C /* Release */ = {
			isa = XCBuildConfiguration;
			buildSettings = {
				ALWAYS_SEARCH_USER_PATHS = NO;
				CLANG_ANALYZER_NONNULL = YES;
				CLANG_ANALYZER_NUMBER_OBJECT_CONVERSION = YES_AGGRESSIVE;
				CLANG_CXX_LANGUAGE_STANDARD = "gnu++17";
				CLANG_CXX_LIBRARY = "libc++";
				CLANG_ENABLE_MODULES = YES;
				CLANG_ENABLE_OBJC_ARC = YES;
				CLANG_ENABLE_OBJC_WEAK = YES;
				CLANG_WARN_BLOCK_CAPTURE_AUTORELEASING = YES;
				CLANG_WARN_BOOL_CONVERSION = YES;
				CLANG_WARN_COMMA = YES;
				CLANG_WARN_CONSTANT_CONVERSION = YES;
				CLANG_WARN_DEPRECATED_OBJC_IMPLEMENTATIONS = YES;
				CLANG_WARN_DIRECT_OBJC_ISA_USAGE = YES_ERROR;
				CLANG_WARN_DOCUMENTATION_COMMENTS = YES;
				CLANG_WARN_EMPTY_BODY = YES;
				CLANG_WARN_ENUM_CONVERSION = YES;
				CLANG_WARN_INFINITE_RECURSION = YES;
				CLANG_WARN_INT_CONVERSION = YES;
				CLANG_WARN_NON_LITERAL_NULL_CONVERSION = YES;
				CLANG_WARN_OBJC_IMPLICIT_RETAIN_SELF = YES;
				CLANG_WARN_OBJC_LITERAL_CONVERSION = YES;
				CLANG_WARN_OBJC_ROOT_CLASS = YES_ERROR;
				CLANG_WARN_QUOTED_INCLUDE_IN_FRAMEWORK_HEADER = YES;
				CLANG_WARN_RANGE_LOOP_ANALYSIS = YES;
				CLANG_WARN_STRICT_PROTOTYPES = YES;
				CLANG_WARN_SUSPICIOUS_MOVE = YES;
				CLANG_WARN_UNGUARDED_AVAILABILITY = YES_AGGRESSIVE;
				CLANG_WARN_UNREACHABLE_CODE = YES;
				CLANG_WARN__DUPLICATE_METHOD_MATCH = YES;
				COPY_PHASE_STRIP = NO;
				DEBUG_INFORMATION_FORMAT = "dwarf-with-dsym";
				ENABLE_NS_ASSERTIONS = NO;
				ENABLE_STRICT_OBJC_MSGSEND = YES;
				GCC_C_LANGUAGE_STANDARD = gnu11;
				GCC_NO_COMMON_BLOCKS = YES;
				GCC_WARN_64_TO_32_BIT_CONVERSION = YES;
				GCC_WARN_ABOUT_RETURN_TYPE = YES_ERROR;
				GCC_WARN_UNDECLARED_SELECTOR = YES;
				GCC_WARN_UNINITIALIZED_AUTOS = YES_AGGRESSIVE;
				GCC_WARN_UNUSED_FUNCTION = YES;
				GCC_WARN_UNUSED_VARIABLE = YES;
				IPHONEOS_DEPLOYMENT_TARGET = 15.0;
				MTL_ENABLE_DEBUG_INFO = NO;
				MTL_FAST_MATH = YES;
				SDKROOT = iphoneos;
				SWIFT_COMPILATION_MODE = wholemodule;
				SWIFT_OPTIMIZATION_LEVEL = "-O";
				VALIDATE_PRODUCT = YES;
			};
			name = Release;
		};
		9B2E85AF2764384E00F9330C /* Debug */ = {
			isa = XCBuildConfiguration;
			baseConfigurationReference = A33653CCDE04713DABA00108 /* Pods-PortalApp.debug.xcconfig */;
			buildSettings = {
				ASSETCATALOG_COMPILER_APPICON_NAME = AppIcon;
				ASSETCATALOG_COMPILER_GLOBAL_ACCENT_COLOR_NAME = AccentColor;
				CODE_SIGN_STYLE = Automatic;
				CURRENT_PROJECT_VERSION = 1;
				DEVELOPMENT_TEAM = JUG5Q2JKZC;
				GENERATE_INFOPLIST_FILE = YES;
				INFOPLIST_FILE = PortalApp/Info.plist;
				INFOPLIST_KEY_UIApplicationSupportsIndirectInputEvents = YES;
				INFOPLIST_KEY_UILaunchStoryboardName = LaunchScreen;
				INFOPLIST_KEY_UIMainStoryboardFile = Main;
				INFOPLIST_KEY_UISupportedInterfaceOrientations = UIInterfaceOrientationPortrait;
				INFOPLIST_KEY_UISupportedInterfaceOrientations_iPad = "UIInterfaceOrientationPortrait UIInterfaceOrientationPortraitUpsideDown UIInterfaceOrientationLandscapeLeft UIInterfaceOrientationLandscapeRight";
				INFOPLIST_KEY_UISupportedInterfaceOrientations_iPhone = "UIInterfaceOrientationPortrait UIInterfaceOrientationLandscapeLeft UIInterfaceOrientationLandscapeRight";
				IPHONEOS_DEPLOYMENT_TARGET = 14.2;
				LD_RUNPATH_SEARCH_PATHS = (
					"$(inherited)",
					"@executable_path/Frameworks",
				);
				MARKETING_VERSION = 1.0;
				PRODUCT_BUNDLE_IDENTIFIER = com.app.swift.PortalApp;
				PRODUCT_NAME = "$(TARGET_NAME)";
				SWIFT_EMIT_LOC_STRINGS = YES;
				SWIFT_VERSION = 5.0;
				TARGETED_DEVICE_FAMILY = 1;
			};
			name = Debug;
		};
		9B2E85B02764384E00F9330C /* Release */ = {
			isa = XCBuildConfiguration;
			baseConfigurationReference = BC764489BF9E77FDDAF4D269 /* Pods-PortalApp.release.xcconfig */;
			buildSettings = {
				ASSETCATALOG_COMPILER_APPICON_NAME = AppIcon;
				ASSETCATALOG_COMPILER_GLOBAL_ACCENT_COLOR_NAME = AccentColor;
				CODE_SIGN_STYLE = Automatic;
				CURRENT_PROJECT_VERSION = 1;
				DEVELOPMENT_TEAM = JUG5Q2JKZC;
				GENERATE_INFOPLIST_FILE = YES;
				INFOPLIST_FILE = PortalApp/Info.plist;
				INFOPLIST_KEY_UIApplicationSupportsIndirectInputEvents = YES;
				INFOPLIST_KEY_UILaunchStoryboardName = LaunchScreen;
				INFOPLIST_KEY_UIMainStoryboardFile = Main;
				INFOPLIST_KEY_UISupportedInterfaceOrientations = UIInterfaceOrientationPortrait;
				INFOPLIST_KEY_UISupportedInterfaceOrientations_iPad = "UIInterfaceOrientationPortrait UIInterfaceOrientationPortraitUpsideDown UIInterfaceOrientationLandscapeLeft UIInterfaceOrientationLandscapeRight";
				INFOPLIST_KEY_UISupportedInterfaceOrientations_iPhone = "UIInterfaceOrientationPortrait UIInterfaceOrientationLandscapeLeft UIInterfaceOrientationLandscapeRight";
				IPHONEOS_DEPLOYMENT_TARGET = 14.2;
				LD_RUNPATH_SEARCH_PATHS = (
					"$(inherited)",
					"@executable_path/Frameworks",
				);
				MARKETING_VERSION = 1.0;
				PRODUCT_BUNDLE_IDENTIFIER = com.app.swift.PortalApp;
				PRODUCT_NAME = "$(TARGET_NAME)";
				SWIFT_EMIT_LOC_STRINGS = YES;
				SWIFT_VERSION = 5.0;
				TARGETED_DEVICE_FAMILY = 1;
			};
			name = Release;
		};
		9B2E85B22764384E00F9330C /* Debug */ = {
			isa = XCBuildConfiguration;
			baseConfigurationReference = BB4AA450BF500A1739A0A033 /* Pods-PortalAppTests.debug.xcconfig */;
			buildSettings = {
				ALWAYS_EMBED_SWIFT_STANDARD_LIBRARIES = YES;
				BUNDLE_LOADER = "$(TEST_HOST)";
				CODE_SIGN_STYLE = Automatic;
				CURRENT_PROJECT_VERSION = 1;
				DEVELOPMENT_TEAM = JUG5Q2JKZC;
				GENERATE_INFOPLIST_FILE = YES;
				IPHONEOS_DEPLOYMENT_TARGET = 15.0;
				LD_RUNPATH_SEARCH_PATHS = (
					"$(inherited)",
					"@executable_path/Frameworks",
					"@loader_path/Frameworks",
				);
				MARKETING_VERSION = 1.0;
				PRODUCT_BUNDLE_IDENTIFIER = com.app.swift.PortalAppTests;
				PRODUCT_NAME = "$(TARGET_NAME)";
				SWIFT_EMIT_LOC_STRINGS = NO;
				SWIFT_VERSION = 5.0;
				TARGETED_DEVICE_FAMILY = "1,2";
				TEST_HOST = "$(BUILT_PRODUCTS_DIR)/PortalApp.app/PortalApp";
			};
			name = Debug;
		};
		9B2E85B32764384E00F9330C /* Release */ = {
			isa = XCBuildConfiguration;
			baseConfigurationReference = 5A82041E8E6E585EC908258B /* Pods-PortalAppTests.release.xcconfig */;
			buildSettings = {
				ALWAYS_EMBED_SWIFT_STANDARD_LIBRARIES = YES;
				BUNDLE_LOADER = "$(TEST_HOST)";
				CODE_SIGN_STYLE = Automatic;
				CURRENT_PROJECT_VERSION = 1;
				DEVELOPMENT_TEAM = JUG5Q2JKZC;
				GENERATE_INFOPLIST_FILE = YES;
				IPHONEOS_DEPLOYMENT_TARGET = 15.0;
				LD_RUNPATH_SEARCH_PATHS = (
					"$(inherited)",
					"@executable_path/Frameworks",
					"@loader_path/Frameworks",
				);
				MARKETING_VERSION = 1.0;
				PRODUCT_BUNDLE_IDENTIFIER = com.app.swift.PortalAppTests;
				PRODUCT_NAME = "$(TARGET_NAME)";
				SWIFT_EMIT_LOC_STRINGS = NO;
				SWIFT_VERSION = 5.0;
				TARGETED_DEVICE_FAMILY = "1,2";
				TEST_HOST = "$(BUILT_PRODUCTS_DIR)/PortalApp.app/PortalApp";
			};
			name = Release;
		};
		9B2E85B52764384E00F9330C /* Debug */ = {
			isa = XCBuildConfiguration;
			baseConfigurationReference = 9E5C44BCF42E0C74400BFA77 /* Pods-PortalApp-PortalAppUITests.debug.xcconfig */;
			buildSettings = {
				ALWAYS_EMBED_SWIFT_STANDARD_LIBRARIES = YES;
				CODE_SIGN_STYLE = Automatic;
				CURRENT_PROJECT_VERSION = 1;
				DEVELOPMENT_TEAM = JUG5Q2JKZC;
				GENERATE_INFOPLIST_FILE = YES;
				LD_RUNPATH_SEARCH_PATHS = (
					"$(inherited)",
					"@executable_path/Frameworks",
					"@loader_path/Frameworks",
				);
				MARKETING_VERSION = 1.0;
				PRODUCT_BUNDLE_IDENTIFIER = com.app.swift.PortalAppUITests;
				PRODUCT_NAME = "$(TARGET_NAME)";
				SWIFT_EMIT_LOC_STRINGS = NO;
				SWIFT_VERSION = 5.0;
				TARGETED_DEVICE_FAMILY = "1,2";
				TEST_TARGET_NAME = PortalApp;
			};
			name = Debug;
		};
		9B2E85B62764384E00F9330C /* Release */ = {
			isa = XCBuildConfiguration;
			baseConfigurationReference = B1369AD0EC035BD55E3F868E /* Pods-PortalApp-PortalAppUITests.release.xcconfig */;
			buildSettings = {
				ALWAYS_EMBED_SWIFT_STANDARD_LIBRARIES = YES;
				CODE_SIGN_STYLE = Automatic;
				CURRENT_PROJECT_VERSION = 1;
				DEVELOPMENT_TEAM = JUG5Q2JKZC;
				GENERATE_INFOPLIST_FILE = YES;
				LD_RUNPATH_SEARCH_PATHS = (
					"$(inherited)",
					"@executable_path/Frameworks",
					"@loader_path/Frameworks",
				);
				MARKETING_VERSION = 1.0;
				PRODUCT_BUNDLE_IDENTIFIER = com.app.swift.PortalAppUITests;
				PRODUCT_NAME = "$(TARGET_NAME)";
				SWIFT_EMIT_LOC_STRINGS = NO;
				SWIFT_VERSION = 5.0;
				TARGETED_DEVICE_FAMILY = "1,2";
				TEST_TARGET_NAME = PortalApp;
			};
			name = Release;
		};
/* End XCBuildConfiguration section */

/* Begin XCConfigurationList section */
		9B2E857F2764384D00F9330C /* Build configuration list for PBXProject "PortalApp" */ = {
			isa = XCConfigurationList;
			buildConfigurations = (
				9B2E85AC2764384E00F9330C /* Debug */,
				9B2E85AD2764384E00F9330C /* Release */,
			);
			defaultConfigurationIsVisible = 0;
			defaultConfigurationName = Release;
		};
		9B2E85AE2764384E00F9330C /* Build configuration list for PBXNativeTarget "PortalApp" */ = {
			isa = XCConfigurationList;
			buildConfigurations = (
				9B2E85AF2764384E00F9330C /* Debug */,
				9B2E85B02764384E00F9330C /* Release */,
			);
			defaultConfigurationIsVisible = 0;
			defaultConfigurationName = Release;
		};
		9B2E85B12764384E00F9330C /* Build configuration list for PBXNativeTarget "PortalAppTests" */ = {
			isa = XCConfigurationList;
			buildConfigurations = (
				9B2E85B22764384E00F9330C /* Debug */,
				9B2E85B32764384E00F9330C /* Release */,
			);
			defaultConfigurationIsVisible = 0;
			defaultConfigurationName = Release;
		};
		9B2E85B42764384E00F9330C /* Build configuration list for PBXNativeTarget "PortalAppUITests" */ = {
			isa = XCConfigurationList;
			buildConfigurations = (
				9B2E85B52764384E00F9330C /* Debug */,
				9B2E85B62764384E00F9330C /* Release */,
			);
			defaultConfigurationIsVisible = 0;
			defaultConfigurationName = Release;
		};
/* End XCConfigurationList section */
	};
	rootObject = 9B2E857C2764384D00F9330C /* Project object */;
}
